
Microsoft Visual Studio Solution File, Format Version 12.00
# Visual Studio Version 17
VisualStudioVersion = 17.0.32014.148
MinimumVisualStudioVersion = 10.0.40219.1
Project("{9A19103F-16F7-4668-BE54-9A1E7A4F7556}") = "MemoryGame", "MemoryGame\MemoryGame.csproj", "{C21B8373-537B-4F27-A5F2-93762CFAA700}"
EndProject
Global
	GlobalSection(SolutionConfigurationPlatforms) = preSolution
		Debug|Any CPU = Debug|Any CPU
		Release|Any CPU = Release|Any CPU
	EndGlobalSection
	GlobalSection(ProjectConfigurationPlatforms) = postSolution
		{C21B8373-537B-4F27-A5F2-93762CFAA700}.Debug|Any CPU.ActiveCfg = Debug|Any CPU
		{C21B8373-537B-4F27-A5F2-93762CFAA700}.Debug|Any CPU.Build.0 = Debug|Any CPU
		{C21B8373-537B-4F27-A5F2-93762CFAA700}.Release|Any CPU.ActiveCfg = Release|Any CPU
		{C21B8373-537B-4F27-A5F2-93762CFAA700}.Release|Any CPU.Build.0 = Release|Any CPU
	EndGlobalSection
	GlobalSection(SolutionProperties) = preSolution
		HideSolutionNode = FALSE
	EndGlobalSection
	GlobalSection(ExtensibilityGlobals) = postSolution
		SolutionGuid = {89CDCF04-52C8-44F3-BA8E-75BE4373EBE7}
	EndGlobalSection
EndGlobal
